// !$*UTF8*$!
{
	archiveVersion = 1;
	classes = {
	};
	objectVersion = 56;
	objects = {

/* Begin PBXBuildFile section */
		CC9F54D92C0F00F900D1A381 /* AppDelegate.swift in Sources */ = {isa = PBXBuildFile; fileRef = CC9F54D82C0F00F900D1A381 /* AppDelegate.swift */; };
		CC9F54DB2C0F00F900D1A381 /* SceneDelegate.swift in Sources */ = {isa = PBXBuildFile; fileRef = CC9F54DA2C0F00F900D1A381 /* SceneDelegate.swift */; };
		CC9F54DD2C0F00F900D1A381 /* MovieListViewController.swift in Sources */ = {isa = PBXBuildFile; fileRef = CC9F54DC2C0F00F900D1A381 /* MovieListViewController.swift */; };
		CC9F54E22C0F00FA00D1A381 /* Assets.xcassets in Resources */ = {isa = PBXBuildFile; fileRef = CC9F54E12C0F00FA00D1A381 /* Assets.xcassets */; };
		CC9F54E52C0F00FA00D1A381 /* Base in Resources */ = {isa = PBXBuildFile; fileRef = CC9F54E42C0F00FA00D1A381 /* Base */; };
		CCA8E7692C12B28A00C5E6C1 /* TabBarController.swift in Sources */ = {isa = PBXBuildFile; fileRef = CCA8E7682C12B28A00C5E6C1 /* TabBarController.swift */; };
		CCA8E76C2C12B4A000C5E6C1 /* Then in Frameworks */ = {isa = PBXBuildFile; productRef = CCA8E76B2C12B4A000C5E6C1 /* Then */; };
		CCAB15A62C12D1CB0049764A /* MovieAPIRootView.swift in Sources */ = {isa = PBXBuildFile; fileRef = CCAB15A52C12D1CB0049764A /* MovieAPIRootView.swift */; };
		CCAB15A82C12D3400049764A /* MovieAPIBackgroundView.swift in Sources */ = {isa = PBXBuildFile; fileRef = CCAB15A72C12D3400049764A /* MovieAPIBackgroundView.swift */; };
		CCAB15AA2C12D5310049764A /* MovieAPISearchView.swift in Sources */ = {isa = PBXBuildFile; fileRef = CCAB15A92C12D5310049764A /* MovieAPISearchView.swift */; };
		CCAB15AC2C12DEC60049764A /* MovieChartTableView.swift in Sources */ = {isa = PBXBuildFile; fileRef = CCAB15AB2C12DEC60049764A /* MovieChartTableView.swift */; };
		CCAB15AE2C12E0040049764A /* MovieChartTableViewCell.swift in Sources */ = {isa = PBXBuildFile; fileRef = CCAB15AD2C12E0040049764A /* MovieChartTableViewCell.swift */; };
		CCAB15B62C12E4BC0049764A /* ReusableProtocol.swift in Sources */ = {isa = PBXBuildFile; fileRef = CCAB15B52C12E4BC0049764A /* ReusableProtocol.swift */; };
		CCAB9AA62C0F34CA00C15C8E /* UserJoinRootView.swift in Sources */ = {isa = PBXBuildFile; fileRef = CCAB9AA52C0F34CA00C15C8E /* UserJoinRootView.swift */; };
		CCAB9AA82C0F35B100C15C8E /* JoinFormStackView.swift in Sources */ = {isa = PBXBuildFile; fileRef = CCAB9AA72C0F35B100C15C8E /* JoinFormStackView.swift */; };
		CCAB9AAA2C0F3D5B00C15C8E /* UserInfoTextFieldView.swift in Sources */ = {isa = PBXBuildFile; fileRef = CCAB9AA92C0F3D5B00C15C8E /* UserInfoTextFieldView.swift */; };
		CCAB9AAC2C0F3DD400C15C8E /* AdditionalInfoSwitchView.swift in Sources */ = {isa = PBXBuildFile; fileRef = CCAB9AAB2C0F3DD400C15C8E /* AdditionalInfoSwitchView.swift */; };
		CCC40A672C109A2C00FAD4DF /* LotteryViewController.swift in Sources */ = {isa = PBXBuildFile; fileRef = CCC40A662C109A2C00FAD4DF /* LotteryViewController.swift */; };
		CCC40A692C109A9D00FAD4DF /* LotteryRootView.swift in Sources */ = {isa = PBXBuildFile; fileRef = CCC40A682C109A9D00FAD4DF /* LotteryRootView.swift */; };
		CCC40A6B2C109B4700FAD4DF /* APIKey.swift in Sources */ = {isa = PBXBuildFile; fileRef = CCC40A6A2C109B4700FAD4DF /* APIKey.swift */; };
		CCC40A6E2C109E7400FAD4DF /* Alamofire in Frameworks */ = {isa = PBXBuildFile; productRef = CCC40A6D2C109E7400FAD4DF /* Alamofire */; };
		CCC40A712C10A04800FAD4DF /* LotteryEntity.swift in Sources */ = {isa = PBXBuildFile; fileRef = CCC40A702C10A04800FAD4DF /* LotteryEntity.swift */; };
		CCC40A732C10A21600FAD4DF /* LotteryModel.swift in Sources */ = {isa = PBXBuildFile; fileRef = CCC40A722C10A21600FAD4DF /* LotteryModel.swift */; };
		CCC40A762C10AA7700FAD4DF /* UserDefaults+Extension.swift in Sources */ = {isa = PBXBuildFile; fileRef = CCC40A752C10AA7700FAD4DF /* UserDefaults+Extension.swift */; };
		CCC40A7E2C10BE6400FAD4DF /* NetworkManager.swift in Sources */ = {isa = PBXBuildFile; fileRef = CCC40A7D2C10BE6400FAD4DF /* NetworkManager.swift */; };
		CCC40A802C10CBFC00FAD4DF /* LotteryRoundPickerView.swift in Sources */ = {isa = PBXBuildFile; fileRef = CCC40A7F2C10CBFC00FAD4DF /* LotteryRoundPickerView.swift */; };
		CCC40A822C10CE9900FAD4DF /* LotteryResultView.swift in Sources */ = {isa = PBXBuildFile; fileRef = CCC40A812C10CE9900FAD4DF /* LotteryResultView.swift */; };
		CCC40A842C10D04A00FAD4DF /* LottoNumberStackView.swift in Sources */ = {isa = PBXBuildFile; fileRef = CCC40A832C10D04A00FAD4DF /* LottoNumberStackView.swift */; };
		CCC40A862C10D0A400FAD4DF /* LottoNumberBallView.swift in Sources */ = {isa = PBXBuildFile; fileRef = CCC40A852C10D0A400FAD4DF /* LottoNumberBallView.swift */; };
		CCFA44862C1189F10098A424 /* Notification.Name+Extension.swift in Sources */ = {isa = PBXBuildFile; fileRef = CCFA44852C1189F10098A424 /* Notification.Name+Extension.swift */; };
		CCFA44892C1198DD0098A424 /* MovieAPIViewController.swift in Sources */ = {isa = PBXBuildFile; fileRef = CCFA44882C1198DD0098A424 /* MovieAPIViewController.swift */; };
		CCFA448C2C1198F00098A424 /* MovieEntity.swift in Sources */ = {isa = PBXBuildFile; fileRef = CCFA448B2C1198F00098A424 /* MovieEntity.swift */; };
		CCFA448E2C1198F80098A424 /* MovieModel.swift in Sources */ = {isa = PBXBuildFile; fileRef = CCFA448D2C1198F80098A424 /* MovieModel.swift */; };
		CCFA44902C119C620098A424 /* Date+Extension.swift in Sources */ = {isa = PBXBuildFile; fileRef = CCFA448F2C119C620098A424 /* Date+Extension.swift */; };
		CCFF11192C0F0251000D8E7D /* SnapKit in Frameworks */ = {isa = PBXBuildFile; productRef = CCFF11182C0F0251000D8E7D /* SnapKit */; };
		CCFF111D2C0F0285000D8E7D /* UserJoinViewController.swift in Sources */ = {isa = PBXBuildFile; fileRef = CCFF111C2C0F0285000D8E7D /* UserJoinViewController.swift */; };
		CCFF111F2C0F02CC000D8E7D /* MovieListRootView.swift in Sources */ = {isa = PBXBuildFile; fileRef = CCFF111E2C0F02CC000D8E7D /* MovieListRootView.swift */; };
		CCFF11212C0F0728000D8E7D /* MainMovieView.swift in Sources */ = {isa = PBXBuildFile; fileRef = CCFF11202C0F0728000D8E7D /* MainMovieView.swift */; };
		CCFF11232C0F0762000D8E7D /* HotContentsView.swift in Sources */ = {isa = PBXBuildFile; fileRef = CCFF11222C0F0762000D8E7D /* HotContentsView.swift */; };
		CCFF11252C0F0D2E000D8E7D /* MainMovieButtonsStackView.swift in Sources */ = {isa = PBXBuildFile; fileRef = CCFF11242C0F0D2E000D8E7D /* MainMovieButtonsStackView.swift */; };
		CCFF11272C0F13BE000D8E7D /* HotMovieStackView.swift in Sources */ = {isa = PBXBuildFile; fileRef = CCFF11262C0F13BE000D8E7D /* HotMovieStackView.swift */; };
/* End PBXBuildFile section */

/* Begin PBXFileReference section */
		CC9F54D52C0F00F900D1A381 /* Subject_0604.app */ = {isa = PBXFileReference; explicitFileType = wrapper.application; includeInIndex = 0; path = Subject_0604.app; sourceTree = BUILT_PRODUCTS_DIR; };
		CC9F54D82C0F00F900D1A381 /* AppDelegate.swift */ = {isa = PBXFileReference; lastKnownFileType = sourcecode.swift; path = AppDelegate.swift; sourceTree = "<group>"; };
		CC9F54DA2C0F00F900D1A381 /* SceneDelegate.swift */ = {isa = PBXFileReference; lastKnownFileType = sourcecode.swift; path = SceneDelegate.swift; sourceTree = "<group>"; };
		CC9F54DC2C0F00F900D1A381 /* MovieListViewController.swift */ = {isa = PBXFileReference; lastKnownFileType = sourcecode.swift; path = MovieListViewController.swift; sourceTree = "<group>"; };
		CC9F54E12C0F00FA00D1A381 /* Assets.xcassets */ = {isa = PBXFileReference; lastKnownFileType = folder.assetcatalog; path = Assets.xcassets; sourceTree = "<group>"; };
		CC9F54E42C0F00FA00D1A381 /* Base */ = {isa = PBXFileReference; lastKnownFileType = file.storyboard; name = Base; path = Base.lproj/LaunchScreen.storyboard; sourceTree = "<group>"; };
		CC9F54E62C0F00FA00D1A381 /* Info.plist */ = {isa = PBXFileReference; lastKnownFileType = text.plist.xml; path = Info.plist; sourceTree = "<group>"; };
		CCA8E7682C12B28A00C5E6C1 /* TabBarController.swift */ = {isa = PBXFileReference; lastKnownFileType = sourcecode.swift; path = TabBarController.swift; sourceTree = "<group>"; };
		CCAB15A52C12D1CB0049764A /* MovieAPIRootView.swift */ = {isa = PBXFileReference; lastKnownFileType = sourcecode.swift; path = MovieAPIRootView.swift; sourceTree = "<group>"; };
		CCAB15A72C12D3400049764A /* MovieAPIBackgroundView.swift */ = {isa = PBXFileReference; lastKnownFileType = sourcecode.swift; path = MovieAPIBackgroundView.swift; sourceTree = "<group>"; };
		CCAB15A92C12D5310049764A /* MovieAPISearchView.swift */ = {isa = PBXFileReference; lastKnownFileType = sourcecode.swift; path = MovieAPISearchView.swift; sourceTree = "<group>"; };
		CCAB15AB2C12DEC60049764A /* MovieChartTableView.swift */ = {isa = PBXFileReference; lastKnownFileType = sourcecode.swift; path = MovieChartTableView.swift; sourceTree = "<group>"; };
		CCAB15AD2C12E0040049764A /* MovieChartTableViewCell.swift */ = {isa = PBXFileReference; lastKnownFileType = sourcecode.swift; path = MovieChartTableViewCell.swift; sourceTree = "<group>"; };
		CCAB15B52C12E4BC0049764A /* ReusableProtocol.swift */ = {isa = PBXFileReference; lastKnownFileType = sourcecode.swift; path = ReusableProtocol.swift; sourceTree = "<group>"; };
		CCAB9AA52C0F34CA00C15C8E /* UserJoinRootView.swift */ = {isa = PBXFileReference; lastKnownFileType = sourcecode.swift; path = UserJoinRootView.swift; sourceTree = "<group>"; };
		CCAB9AA72C0F35B100C15C8E /* JoinFormStackView.swift */ = {isa = PBXFileReference; lastKnownFileType = sourcecode.swift; path = JoinFormStackView.swift; sourceTree = "<group>"; };
		CCAB9AA92C0F3D5B00C15C8E /* UserInfoTextFieldView.swift */ = {isa = PBXFileReference; lastKnownFileType = sourcecode.swift; path = UserInfoTextFieldView.swift; sourceTree = "<group>"; };
		CCAB9AAB2C0F3DD400C15C8E /* AdditionalInfoSwitchView.swift */ = {isa = PBXFileReference; lastKnownFileType = sourcecode.swift; path = AdditionalInfoSwitchView.swift; sourceTree = "<group>"; };
		CCC40A662C109A2C00FAD4DF /* LotteryViewController.swift */ = {isa = PBXFileReference; lastKnownFileType = sourcecode.swift; path = LotteryViewController.swift; sourceTree = "<group>"; };
		CCC40A682C109A9D00FAD4DF /* LotteryRootView.swift */ = {isa = PBXFileReference; lastKnownFileType = sourcecode.swift; path = LotteryRootView.swift; sourceTree = "<group>"; };
		CCC40A6A2C109B4700FAD4DF /* APIKey.swift */ = {isa = PBXFileReference; lastKnownFileType = sourcecode.swift; path = APIKey.swift; sourceTree = "<group>"; };
		CCC40A702C10A04800FAD4DF /* LotteryEntity.swift */ = {isa = PBXFileReference; lastKnownFileType = sourcecode.swift; path = LotteryEntity.swift; sourceTree = "<group>"; };
		CCC40A722C10A21600FAD4DF /* LotteryModel.swift */ = {isa = PBXFileReference; lastKnownFileType = sourcecode.swift; path = LotteryModel.swift; sourceTree = "<group>"; };
		CCC40A752C10AA7700FAD4DF /* UserDefaults+Extension.swift */ = {isa = PBXFileReference; lastKnownFileType = sourcecode.swift; path = "UserDefaults+Extension.swift"; sourceTree = "<group>"; };
		CCC40A7D2C10BE6400FAD4DF /* NetworkManager.swift */ = {isa = PBXFileReference; lastKnownFileType = sourcecode.swift; path = NetworkManager.swift; sourceTree = "<group>"; };
		CCC40A7F2C10CBFC00FAD4DF /* LotteryRoundPickerView.swift */ = {isa = PBXFileReference; lastKnownFileType = sourcecode.swift; path = LotteryRoundPickerView.swift; sourceTree = "<group>"; };
		CCC40A812C10CE9900FAD4DF /* LotteryResultView.swift */ = {isa = PBXFileReference; lastKnownFileType = sourcecode.swift; path = LotteryResultView.swift; sourceTree = "<group>"; };
		CCC40A832C10D04A00FAD4DF /* LottoNumberStackView.swift */ = {isa = PBXFileReference; lastKnownFileType = sourcecode.swift; path = LottoNumberStackView.swift; sourceTree = "<group>"; };
		CCC40A852C10D0A400FAD4DF /* LottoNumberBallView.swift */ = {isa = PBXFileReference; lastKnownFileType = sourcecode.swift; path = LottoNumberBallView.swift; sourceTree = "<group>"; };
		CCFA44852C1189F10098A424 /* Notification.Name+Extension.swift */ = {isa = PBXFileReference; lastKnownFileType = sourcecode.swift; path = "Notification.Name+Extension.swift"; sourceTree = "<group>"; };
		CCFA44882C1198DD0098A424 /* MovieAPIViewController.swift */ = {isa = PBXFileReference; lastKnownFileType = sourcecode.swift; path = MovieAPIViewController.swift; sourceTree = "<group>"; };
		CCFA448B2C1198F00098A424 /* MovieEntity.swift */ = {isa = PBXFileReference; lastKnownFileType = sourcecode.swift; path = MovieEntity.swift; sourceTree = "<group>"; };
		CCFA448D2C1198F80098A424 /* MovieModel.swift */ = {isa = PBXFileReference; lastKnownFileType = sourcecode.swift; path = MovieModel.swift; sourceTree = "<group>"; };
		CCFA448F2C119C620098A424 /* Date+Extension.swift */ = {isa = PBXFileReference; lastKnownFileType = sourcecode.swift; path = "Date+Extension.swift"; sourceTree = "<group>"; };
		CCFF111C2C0F0285000D8E7D /* UserJoinViewController.swift */ = {isa = PBXFileReference; lastKnownFileType = sourcecode.swift; path = UserJoinViewController.swift; sourceTree = "<group>"; };
		CCFF111E2C0F02CC000D8E7D /* MovieListRootView.swift */ = {isa = PBXFileReference; lastKnownFileType = sourcecode.swift; path = MovieListRootView.swift; sourceTree = "<group>"; };
		CCFF11202C0F0728000D8E7D /* MainMovieView.swift */ = {isa = PBXFileReference; lastKnownFileType = sourcecode.swift; path = MainMovieView.swift; sourceTree = "<group>"; };
		CCFF11222C0F0762000D8E7D /* HotContentsView.swift */ = {isa = PBXFileReference; lastKnownFileType = sourcecode.swift; path = HotContentsView.swift; sourceTree = "<group>"; };
		CCFF11242C0F0D2E000D8E7D /* MainMovieButtonsStackView.swift */ = {isa = PBXFileReference; lastKnownFileType = sourcecode.swift; path = MainMovieButtonsStackView.swift; sourceTree = "<group>"; };
		CCFF11262C0F13BE000D8E7D /* HotMovieStackView.swift */ = {isa = PBXFileReference; lastKnownFileType = sourcecode.swift; path = HotMovieStackView.swift; sourceTree = "<group>"; };
/* End PBXFileReference section */

/* Begin PBXFrameworksBuildPhase section */
		CC9F54D22C0F00F900D1A381 /* Frameworks */ = {
			isa = PBXFrameworksBuildPhase;
			buildActionMask = 2147483647;
			files = (
				CCFF11192C0F0251000D8E7D /* SnapKit in Frameworks */,
				CCA8E76C2C12B4A000C5E6C1 /* Then in Frameworks */,
				CCC40A6E2C109E7400FAD4DF /* Alamofire in Frameworks */,
			);
			runOnlyForDeploymentPostprocessing = 0;
		};
/* End PBXFrameworksBuildPhase section */

/* Begin PBXGroup section */
		CC9F54CC2C0F00F900D1A381 = {
			isa = PBXGroup;
			children = (
				CC9F54D72C0F00F900D1A381 /* Subject_0604 */,
				CC9F54D62C0F00F900D1A381 /* Products */,
			);
			sourceTree = "<group>";
		};
		CC9F54D62C0F00F900D1A381 /* Products */ = {
			isa = PBXGroup;
			children = (
				CC9F54D52C0F00F900D1A381 /* Subject_0604.app */,
			);
			name = Products;
			sourceTree = "<group>";
		};
		CC9F54D72C0F00F900D1A381 /* Subject_0604 */ = {
			isa = PBXGroup;
			children = (
				CCAB15B42C12E4AC0049764A /* Protocol */,
				CCC40A7C2C10BE5900FAD4DF /* Utility */,
				CCC40A742C10AA4600FAD4DF /* Extension */,
				CCC40A6F2C10A03F00FAD4DF /* Model */,
				CC9F54ED2C0F014600D1A381 /* Controller */,
				CC9F54EC2C0F013C00D1A381 /* View */,
				CC9F54D82C0F00F900D1A381 /* AppDelegate.swift */,
				CC9F54DA2C0F00F900D1A381 /* SceneDelegate.swift */,
				CC9F54E12C0F00FA00D1A381 /* Assets.xcassets */,
				CC9F54E32C0F00FA00D1A381 /* LaunchScreen.storyboard */,
				CC9F54E62C0F00FA00D1A381 /* Info.plist */,
				CCC40A6A2C109B4700FAD4DF /* APIKey.swift */,
			);
			path = Subject_0604;
			sourceTree = "<group>";
		};
		CC9F54EC2C0F013C00D1A381 /* View */ = {
			isa = PBXGroup;
			children = (
				CCAB15A42C12D1BC0049764A /* MovieAPIScreen */,
				CCC40A652C109A0900FAD4DF /* LotteryScreen */,
				CCFF111B2C0F026F000D8E7D /* UserJoinScreens */,
				CCFF111A2C0F0264000D8E7D /* MovieListScreens */,
				CCA8E7682C12B28A00C5E6C1 /* TabBarController.swift */,
			);
			path = View;
			sourceTree = "<group>";
		};
		CC9F54ED2C0F014600D1A381 /* Controller */ = {
			isa = PBXGroup;
			children = (
				CC9F54DC2C0F00F900D1A381 /* MovieListViewController.swift */,
				CCFF111C2C0F0285000D8E7D /* UserJoinViewController.swift */,
				CCC40A662C109A2C00FAD4DF /* LotteryViewController.swift */,
				CCFA44882C1198DD0098A424 /* MovieAPIViewController.swift */,
			);
			path = Controller;
			sourceTree = "<group>";
		};
		CCAB15A42C12D1BC0049764A /* MovieAPIScreen */ = {
			isa = PBXGroup;
			children = (
				CCAB15A52C12D1CB0049764A /* MovieAPIRootView.swift */,
				CCAB15A72C12D3400049764A /* MovieAPIBackgroundView.swift */,
				CCAB15A92C12D5310049764A /* MovieAPISearchView.swift */,
				CCAB15AB2C12DEC60049764A /* MovieChartTableView.swift */,
				CCAB15AD2C12E0040049764A /* MovieChartTableViewCell.swift */,
			);
			path = MovieAPIScreen;
			sourceTree = "<group>";
		};
		CCAB15B42C12E4AC0049764A /* Protocol */ = {
			isa = PBXGroup;
			children = (
				CCAB15B52C12E4BC0049764A /* ReusableProtocol.swift */,
			);
			path = Protocol;
			sourceTree = "<group>";
		};
		CCC40A652C109A0900FAD4DF /* LotteryScreen */ = {
			isa = PBXGroup;
			children = (
				CCC40A682C109A9D00FAD4DF /* LotteryRootView.swift */,
				CCC40A7F2C10CBFC00FAD4DF /* LotteryRoundPickerView.swift */,
				CCC40A812C10CE9900FAD4DF /* LotteryResultView.swift */,
				CCC40A832C10D04A00FAD4DF /* LottoNumberStackView.swift */,
				CCC40A852C10D0A400FAD4DF /* LottoNumberBallView.swift */,
			);
			path = LotteryScreen;
			sourceTree = "<group>";
		};
		CCC40A6F2C10A03F00FAD4DF /* Model */ = {
			isa = PBXGroup;
			children = (
				CCFA448A2C1198E10098A424 /* MovieAPI */,
				CCFA44872C1194860098A424 /* Lottery */,
			);
			path = Model;
			sourceTree = "<group>";
		};
		CCC40A742C10AA4600FAD4DF /* Extension */ = {
			isa = PBXGroup;
			children = (
				CCC40A752C10AA7700FAD4DF /* UserDefaults+Extension.swift */,
				CCFA44852C1189F10098A424 /* Notification.Name+Extension.swift */,
				CCFA448F2C119C620098A424 /* Date+Extension.swift */,
			);
			path = Extension;
			sourceTree = "<group>";
		};
		CCC40A7C2C10BE5900FAD4DF /* Utility */ = {
			isa = PBXGroup;
			children = (
				CCC40A7D2C10BE6400FAD4DF /* NetworkManager.swift */,
			);
			path = Utility;
			sourceTree = "<group>";
		};
		CCFA44872C1194860098A424 /* Lottery */ = {
			isa = PBXGroup;
			children = (
				CCC40A702C10A04800FAD4DF /* LotteryEntity.swift */,
				CCC40A722C10A21600FAD4DF /* LotteryModel.swift */,
			);
			path = Lottery;
			sourceTree = "<group>";
		};
		CCFA448A2C1198E10098A424 /* MovieAPI */ = {
			isa = PBXGroup;
			children = (
				CCFA448B2C1198F00098A424 /* MovieEntity.swift */,
				CCFA448D2C1198F80098A424 /* MovieModel.swift */,
			);
			path = MovieAPI;
			sourceTree = "<group>";
		};
		CCFF111A2C0F0264000D8E7D /* MovieListScreens */ = {
			isa = PBXGroup;
			children = (
				CCFF111E2C0F02CC000D8E7D /* MovieListRootView.swift */,
				CCFF11202C0F0728000D8E7D /* MainMovieView.swift */,
				CCFF11222C0F0762000D8E7D /* HotContentsView.swift */,
				CCFF11242C0F0D2E000D8E7D /* MainMovieButtonsStackView.swift */,
				CCFF11262C0F13BE000D8E7D /* HotMovieStackView.swift */,
			);
			path = MovieListScreens;
			sourceTree = "<group>";
		};
		CCFF111B2C0F026F000D8E7D /* UserJoinScreens */ = {
			isa = PBXGroup;
			children = (
				CCAB9AA52C0F34CA00C15C8E /* UserJoinRootView.swift */,
				CCAB9AA72C0F35B100C15C8E /* JoinFormStackView.swift */,
				CCAB9AA92C0F3D5B00C15C8E /* UserInfoTextFieldView.swift */,
				CCAB9AAB2C0F3DD400C15C8E /* AdditionalInfoSwitchView.swift */,
			);
			path = UserJoinScreens;
			sourceTree = "<group>";
		};
/* End PBXGroup section */

/* Begin PBXNativeTarget section */
		CC9F54D42C0F00F900D1A381 /* Subject_0604 */ = {
			isa = PBXNativeTarget;
			buildConfigurationList = CC9F54E92C0F00FA00D1A381 /* Build configuration list for PBXNativeTarget "Subject_0604" */;
			buildPhases = (
				CC9F54D12C0F00F900D1A381 /* Sources */,
				CC9F54D22C0F00F900D1A381 /* Frameworks */,
				CC9F54D32C0F00F900D1A381 /* Resources */,
			);
			buildRules = (
			);
			dependencies = (
			);
			name = Subject_0604;
			packageProductDependencies = (
				CCFF11182C0F0251000D8E7D /* SnapKit */,
				CCC40A6D2C109E7400FAD4DF /* Alamofire */,
				CCA8E76B2C12B4A000C5E6C1 /* Then */,
			);
			productName = Subject_0604;
			productReference = CC9F54D52C0F00F900D1A381 /* Subject_0604.app */;
			productType = "com.apple.product-type.application";
		};
/* End PBXNativeTarget section */

/* Begin PBXProject section */
		CC9F54CD2C0F00F900D1A381 /* Project object */ = {
			isa = PBXProject;
			attributes = {
				BuildIndependentTargetsInParallel = 1;
				LastSwiftUpdateCheck = 1540;
				LastUpgradeCheck = 1540;
				TargetAttributes = {
					CC9F54D42C0F00F900D1A381 = {
						CreatedOnToolsVersion = 15.4;
					};
				};
			};
			buildConfigurationList = CC9F54D02C0F00F900D1A381 /* Build configuration list for PBXProject "Subject_0604" */;
			compatibilityVersion = "Xcode 14.0";
			developmentRegion = en;
			hasScannedForEncodings = 0;
			knownRegions = (
				en,
				Base,
			);
			mainGroup = CC9F54CC2C0F00F900D1A381;
			packageReferences = (
				CCFF11172C0F0251000D8E7D /* XCRemoteSwiftPackageReference "SnapKit" */,
				CCC40A6C2C109E7400FAD4DF /* XCRemoteSwiftPackageReference "Alamofire" */,
				CCA8E76A2C12B4A000C5E6C1 /* XCRemoteSwiftPackageReference "Then" */,
			);
			productRefGroup = CC9F54D62C0F00F900D1A381 /* Products */;
			projectDirPath = "";
			projectRoot = "";
			targets = (
				CC9F54D42C0F00F900D1A381 /* Subject_0604 */,
			);
		};
/* End PBXProject section */

/* Begin PBXResourcesBuildPhase section */
		CC9F54D32C0F00F900D1A381 /* Resources */ = {
			isa = PBXResourcesBuildPhase;
			buildActionMask = 2147483647;
			files = (
				CC9F54E22C0F00FA00D1A381 /* Assets.xcassets in Resources */,
				CC9F54E52C0F00FA00D1A381 /* Base in Resources */,
			);
			runOnlyForDeploymentPostprocessing = 0;
		};
/* End PBXResourcesBuildPhase section */

/* Begin PBXSourcesBuildPhase section */
		CC9F54D12C0F00F900D1A381 /* Sources */ = {
			isa = PBXSourcesBuildPhase;
			buildActionMask = 2147483647;
			files = (
				CCFA448E2C1198F80098A424 /* MovieModel.swift in Sources */,
				CC9F54DD2C0F00F900D1A381 /* MovieListViewController.swift in Sources */,
				CCC40A732C10A21600FAD4DF /* LotteryModel.swift in Sources */,
				CCAB9AAA2C0F3D5B00C15C8E /* UserInfoTextFieldView.swift in Sources */,
				CCC40A672C109A2C00FAD4DF /* LotteryViewController.swift in Sources */,
				CCFF111D2C0F0285000D8E7D /* UserJoinViewController.swift in Sources */,
				CCFF11212C0F0728000D8E7D /* MainMovieView.swift in Sources */,
				CCAB9AA62C0F34CA00C15C8E /* UserJoinRootView.swift in Sources */,
				CCAB15A62C12D1CB0049764A /* MovieAPIRootView.swift in Sources */,
				CCC40A842C10D04A00FAD4DF /* LottoNumberStackView.swift in Sources */,
				CC9F54D92C0F00F900D1A381 /* AppDelegate.swift in Sources */,
				CCC40A692C109A9D00FAD4DF /* LotteryRootView.swift in Sources */,
				CCAB15A82C12D3400049764A /* MovieAPIBackgroundView.swift in Sources */,
				CCAB15AC2C12DEC60049764A /* MovieChartTableView.swift in Sources */,
				CCFF11272C0F13BE000D8E7D /* HotMovieStackView.swift in Sources */,
				CCAB9AA82C0F35B100C15C8E /* JoinFormStackView.swift in Sources */,
				CCC40A802C10CBFC00FAD4DF /* LotteryRoundPickerView.swift in Sources */,
				CCA8E7692C12B28A00C5E6C1 /* TabBarController.swift in Sources */,
				CCC40A862C10D0A400FAD4DF /* LottoNumberBallView.swift in Sources */,
				CCC40A6B2C109B4700FAD4DF /* APIKey.swift in Sources */,
				CCFA44902C119C620098A424 /* Date+Extension.swift in Sources */,
				CCC40A7E2C10BE6400FAD4DF /* NetworkManager.swift in Sources */,
				CCC40A712C10A04800FAD4DF /* LotteryEntity.swift in Sources */,
				CCFA44862C1189F10098A424 /* Notification.Name+Extension.swift in Sources */,
				CC9F54DB2C0F00F900D1A381 /* SceneDelegate.swift in Sources */,
				CCAB9AAC2C0F3DD400C15C8E /* AdditionalInfoSwitchView.swift in Sources */,
				CCAB15B62C12E4BC0049764A /* ReusableProtocol.swift in Sources */,
				CCFF111F2C0F02CC000D8E7D /* MovieListRootView.swift in Sources */,
				CCAB15AA2C12D5310049764A /* MovieAPISearchView.swift in Sources */,
				CCFF11232C0F0762000D8E7D /* HotContentsView.swift in Sources */,
				CCFA44892C1198DD0098A424 /* MovieAPIViewController.swift in Sources */,
				CCC40A762C10AA7700FAD4DF /* UserDefaults+Extension.swift in Sources */,
				CCFA448C2C1198F00098A424 /* MovieEntity.swift in Sources */,
				CCFF11252C0F0D2E000D8E7D /* MainMovieButtonsStackView.swift in Sources */,
				CCC40A822C10CE9900FAD4DF /* LotteryResultView.swift in Sources */,
				CCAB15AE2C12E0040049764A /* MovieChartTableViewCell.swift in Sources */,
			);
			runOnlyForDeploymentPostprocessing = 0;
		};
/* End PBXSourcesBuildPhase section */

/* Begin PBXVariantGroup section */
		CC9F54E32C0F00FA00D1A381 /* LaunchScreen.storyboard */ = {
			isa = PBXVariantGroup;
			children = (
				CC9F54E42C0F00FA00D1A381 /* Base */,
			);
			name = LaunchScreen.storyboard;
			sourceTree = "<group>";
		};
/* End PBXVariantGroup section */

/* Begin XCBuildConfiguration section */
		CC9F54E72C0F00FA00D1A381 /* Debug */ = {
			isa = XCBuildConfiguration;
			buildSettings = {
				ALWAYS_SEARCH_USER_PATHS = NO;
				ASSETCATALOG_COMPILER_GENERATE_SWIFT_ASSET_SYMBOL_EXTENSIONS = YES;
				CLANG_ANALYZER_NONNULL = YES;
				CLANG_ANALYZER_NUMBER_OBJECT_CONVERSION = YES_AGGRESSIVE;
				CLANG_CXX_LANGUAGE_STANDARD = "gnu++20";
				CLANG_ENABLE_MODULES = YES;
				CLANG_ENABLE_OBJC_ARC = YES;
				CLANG_ENABLE_OBJC_WEAK = YES;
				CLANG_WARN_BLOCK_CAPTURE_AUTORELEASING = YES;
				CLANG_WARN_BOOL_CONVERSION = YES;
				CLANG_WARN_COMMA = YES;
				CLANG_WARN_CONSTANT_CONVERSION = YES;
				CLANG_WARN_DEPRECATED_OBJC_IMPLEMENTATIONS = YES;
				CLANG_WARN_DIRECT_OBJC_ISA_USAGE = YES_ERROR;
				CLANG_WARN_DOCUMENTATION_COMMENTS = YES;
				CLANG_WARN_EMPTY_BODY = YES;
				CLANG_WARN_ENUM_CONVERSION = YES;
				CLANG_WARN_INFINITE_RECURSION = YES;
				CLANG_WARN_INT_CONVERSION = YES;
				CLANG_WARN_NON_LITERAL_NULL_CONVERSION = YES;
				CLANG_WARN_OBJC_IMPLICIT_RETAIN_SELF = YES;
				CLANG_WARN_OBJC_LITERAL_CONVERSION = YES;
				CLANG_WARN_OBJC_ROOT_CLASS = YES_ERROR;
				CLANG_WARN_QUOTED_INCLUDE_IN_FRAMEWORK_HEADER = YES;
				CLANG_WARN_RANGE_LOOP_ANALYSIS = YES;
				CLANG_WARN_STRICT_PROTOTYPES = YES;
				CLANG_WARN_SUSPICIOUS_MOVE = YES;
				CLANG_WARN_UNGUARDED_AVAILABILITY = YES_AGGRESSIVE;
				CLANG_WARN_UNREACHABLE_CODE = YES;
				CLANG_WARN__DUPLICATE_METHOD_MATCH = YES;
				COPY_PHASE_STRIP = NO;
				DEBUG_INFORMATION_FORMAT = dwarf;
				ENABLE_STRICT_OBJC_MSGSEND = YES;
				ENABLE_TESTABILITY = YES;
				ENABLE_USER_SCRIPT_SANDBOXING = YES;
				GCC_C_LANGUAGE_STANDARD = gnu17;
				GCC_DYNAMIC_NO_PIC = NO;
				GCC_NO_COMMON_BLOCKS = YES;
				GCC_OPTIMIZATION_LEVEL = 0;
				GCC_PREPROCESSOR_DEFINITIONS = (
					"DEBUG=1",
					"$(inherited)",
				);
				GCC_WARN_64_TO_32_BIT_CONVERSION = YES;
				GCC_WARN_ABOUT_RETURN_TYPE = YES_ERROR;
				GCC_WARN_UNDECLARED_SELECTOR = YES;
				GCC_WARN_UNINITIALIZED_AUTOS = YES_AGGRESSIVE;
				GCC_WARN_UNUSED_FUNCTION = YES;
				GCC_WARN_UNUSED_VARIABLE = YES;
				IPHONEOS_DEPLOYMENT_TARGET = 17.5;
				LOCALIZATION_PREFERS_STRING_CATALOGS = YES;
				MTL_ENABLE_DEBUG_INFO = INCLUDE_SOURCE;
				MTL_FAST_MATH = YES;
				ONLY_ACTIVE_ARCH = YES;
				SDKROOT = iphoneos;
				SWIFT_ACTIVE_COMPILATION_CONDITIONS = "DEBUG $(inherited)";
				SWIFT_OPTIMIZATION_LEVEL = "-Onone";
			};
			name = Debug;
		};
		CC9F54E82C0F00FA00D1A381 /* Release */ = {
			isa = XCBuildConfiguration;
			buildSettings = {
				ALWAYS_SEARCH_USER_PATHS = NO;
				ASSETCATALOG_COMPILER_GENERATE_SWIFT_ASSET_SYMBOL_EXTENSIONS = YES;
				CLANG_ANALYZER_NONNULL = YES;
				CLANG_ANALYZER_NUMBER_OBJECT_CONVERSION = YES_AGGRESSIVE;
				CLANG_CXX_LANGUAGE_STANDARD = "gnu++20";
				CLANG_ENABLE_MODULES = YES;
				CLANG_ENABLE_OBJC_ARC = YES;
				CLANG_ENABLE_OBJC_WEAK = YES;
				CLANG_WARN_BLOCK_CAPTURE_AUTORELEASING = YES;
				CLANG_WARN_BOOL_CONVERSION = YES;
				CLANG_WARN_COMMA = YES;
				CLANG_WARN_CONSTANT_CONVERSION = YES;
				CLANG_WARN_DEPRECATED_OBJC_IMPLEMENTATIONS = YES;
				CLANG_WARN_DIRECT_OBJC_ISA_USAGE = YES_ERROR;
				CLANG_WARN_DOCUMENTATION_COMMENTS = YES;
				CLANG_WARN_EMPTY_BODY = YES;
				CLANG_WARN_ENUM_CONVERSION = YES;
				CLANG_WARN_INFINITE_RECURSION = YES;
				CLANG_WARN_INT_CONVERSION = YES;
				CLANG_WARN_NON_LITERAL_NULL_CONVERSION = YES;
				CLANG_WARN_OBJC_IMPLICIT_RETAIN_SELF = YES;
				CLANG_WARN_OBJC_LITERAL_CONVERSION = YES;
				CLANG_WARN_OBJC_ROOT_CLASS = YES_ERROR;
				CLANG_WARN_QUOTED_INCLUDE_IN_FRAMEWORK_HEADER = YES;
				CLANG_WARN_RANGE_LOOP_ANALYSIS = YES;
				CLANG_WARN_STRICT_PROTOTYPES = YES;
				CLANG_WARN_SUSPICIOUS_MOVE = YES;
				CLANG_WARN_UNGUARDED_AVAILABILITY = YES_AGGRESSIVE;
				CLANG_WARN_UNREACHABLE_CODE = YES;
				CLANG_WARN__DUPLICATE_METHOD_MATCH = YES;
				COPY_PHASE_STRIP = NO;
				DEBUG_INFORMATION_FORMAT = "dwarf-with-dsym";
				ENABLE_NS_ASSERTIONS = NO;
				ENABLE_STRICT_OBJC_MSGSEND = YES;
				ENABLE_USER_SCRIPT_SANDBOXING = YES;
				GCC_C_LANGUAGE_STANDARD = gnu17;
				GCC_NO_COMMON_BLOCKS = YES;
				GCC_WARN_64_TO_32_BIT_CONVERSION = YES;
				GCC_WARN_ABOUT_RETURN_TYPE = YES_ERROR;
				GCC_WARN_UNDECLARED_SELECTOR = YES;
				GCC_WARN_UNINITIALIZED_AUTOS = YES_AGGRESSIVE;
				GCC_WARN_UNUSED_FUNCTION = YES;
				GCC_WARN_UNUSED_VARIABLE = YES;
				IPHONEOS_DEPLOYMENT_TARGET = 17.5;
				LOCALIZATION_PREFERS_STRING_CATALOGS = YES;
				MTL_ENABLE_DEBUG_INFO = NO;
				MTL_FAST_MATH = YES;
				SDKROOT = iphoneos;
				SWIFT_COMPILATION_MODE = wholemodule;
				VALIDATE_PRODUCT = YES;
			};
			name = Release;
		};
		CC9F54EA2C0F00FA00D1A381 /* Debug */ = {
			isa = XCBuildConfiguration;
			buildSettings = {
				ASSETCATALOG_COMPILER_APPICON_NAME = AppIcon;
				ASSETCATALOG_COMPILER_GLOBAL_ACCENT_COLOR_NAME = AccentColor;
				CODE_SIGN_STYLE = Automatic;
				CURRENT_PROJECT_VERSION = 1;
				DEVELOPMENT_TEAM = YWNQ4RZBTS;
				GENERATE_INFOPLIST_FILE = YES;
				INFOPLIST_FILE = Subject_0604/Info.plist;
				INFOPLIST_KEY_UIApplicationSupportsIndirectInputEvents = YES;
				INFOPLIST_KEY_UILaunchStoryboardName = LaunchScreen;
				INFOPLIST_KEY_UISupportedInterfaceOrientations_iPad = "UIInterfaceOrientationPortrait UIInterfaceOrientationPortraitUpsideDown UIInterfaceOrientationLandscapeLeft UIInterfaceOrientationLandscapeRight";
				INFOPLIST_KEY_UISupportedInterfaceOrientations_iPhone = "UIInterfaceOrientationPortrait UIInterfaceOrientationLandscapeLeft UIInterfaceOrientationLandscapeRight";
				INFOPLIST_KEY_UIUserInterfaceStyle = Light;
				IPHONEOS_DEPLOYMENT_TARGET = 15.0;
				LD_RUNPATH_SEARCH_PATHS = (
					"$(inherited)",
					"@executable_path/Frameworks",
				);
				MARKETING_VERSION = 1.0;
				PRODUCT_BUNDLE_IDENTIFIER = "com.jinyoo.sesac.Subject-0604";
				PRODUCT_NAME = "$(TARGET_NAME)";
				SUPPORTED_PLATFORMS = "iphoneos iphonesimulator";
				SUPPORTS_MACCATALYST = NO;
				SUPPORTS_MAC_DESIGNED_FOR_IPHONE_IPAD = NO;
				SUPPORTS_XR_DESIGNED_FOR_IPHONE_IPAD = NO;
				SWIFT_EMIT_LOC_STRINGS = YES;
				SWIFT_VERSION = 5.0;
				TARGETED_DEVICE_FAMILY = 1;
			};
			name = Debug;
		};
		CC9F54EB2C0F00FA00D1A381 /* Release */ = {
			isa = XCBuildConfiguration;
			buildSettings = {
				ASSETCATALOG_COMPILER_APPICON_NAME = AppIcon;
				ASSETCATALOG_COMPILER_GLOBAL_ACCENT_COLOR_NAME = AccentColor;
				CODE_SIGN_STYLE = Automatic;
				CURRENT_PROJECT_VERSION = 1;
				DEVELOPMENT_TEAM = YWNQ4RZBTS;
				GENERATE_INFOPLIST_FILE = YES;
				INFOPLIST_FILE = Subject_0604/Info.plist;
				INFOPLIST_KEY_UIApplicationSupportsIndirectInputEvents = YES;
				INFOPLIST_KEY_UILaunchStoryboardName = LaunchScreen;
				INFOPLIST_KEY_UISupportedInterfaceOrientations_iPad = "UIInterfaceOrientationPortrait UIInterfaceOrientationPortraitUpsideDown UIInterfaceOrientationLandscapeLeft UIInterfaceOrientationLandscapeRight";
				INFOPLIST_KEY_UISupportedInterfaceOrientations_iPhone = "UIInterfaceOrientationPortrait UIInterfaceOrientationLandscapeLeft UIInterfaceOrientationLandscapeRight";
				INFOPLIST_KEY_UIUserInterfaceStyle = Light;
				IPHONEOS_DEPLOYMENT_TARGET = 15.0;
				LD_RUNPATH_SEARCH_PATHS = (
					"$(inherited)",
					"@executable_path/Frameworks",
				);
				MARKETING_VERSION = 1.0;
				PRODUCT_BUNDLE_IDENTIFIER = "com.jinyoo.sesac.Subject-0604";
				PRODUCT_NAME = "$(TARGET_NAME)";
				SUPPORTED_PLATFORMS = "iphoneos iphonesimulator";
				SUPPORTS_MACCATALYST = NO;
				SUPPORTS_MAC_DESIGNED_FOR_IPHONE_IPAD = NO;
				SUPPORTS_XR_DESIGNED_FOR_IPHONE_IPAD = NO;
				SWIFT_EMIT_LOC_STRINGS = YES;
				SWIFT_VERSION = 5.0;
				TARGETED_DEVICE_FAMILY = 1;
			};
			name = Release;
		};
/* End XCBuildConfiguration section */

/* Begin XCConfigurationList section */
		CC9F54D02C0F00F900D1A381 /* Build configuration list for PBXProject "Subject_0604" */ = {
			isa = XCConfigurationList;
			buildConfigurations = (
				CC9F54E72C0F00FA00D1A381 /* Debug */,
				CC9F54E82C0F00FA00D1A381 /* Release */,
			);
			defaultConfigurationIsVisible = 0;
			defaultConfigurationName = Release;
		};
		CC9F54E92C0F00FA00D1A381 /* Build configuration list for PBXNativeTarget "Subject_0604" */ = {
			isa = XCConfigurationList;
			buildConfigurations = (
				CC9F54EA2C0F00FA00D1A381 /* Debug */,
				CC9F54EB2C0F00FA00D1A381 /* Release */,
			);
			defaultConfigurationIsVisible = 0;
			defaultConfigurationName = Release;
		};
/* End XCConfigurationList section */

/* Begin XCRemoteSwiftPackageReference section */
		CCA8E76A2C12B4A000C5E6C1 /* XCRemoteSwiftPackageReference "Then" */ = {
			isa = XCRemoteSwiftPackageReference;
			repositoryURL = "https://github.com/devxoul/Then.git";
			requirement = {
				kind = upToNextMajorVersion;
				minimumVersion = 3.0.0;
			};
		};
		CCC40A6C2C109E7400FAD4DF /* XCRemoteSwiftPackageReference "Alamofire" */ = {
			isa = XCRemoteSwiftPackageReference;
			repositoryURL = "https://github.com/Alamofire/Alamofire.git";
			requirement = {
				kind = upToNextMajorVersion;
				minimumVersion = 5.9.1;
			};
		};
		CCFF11172C0F0251000D8E7D /* XCRemoteSwiftPackageReference "SnapKit" */ = {
			isa = XCRemoteSwiftPackageReference;
			repositoryURL = "https://github.com/SnapKit/SnapKit.git";
			requirement = {
				kind = upToNextMajorVersion;
				minimumVersion = 5.7.1;
			};
		};
/* End XCRemoteSwiftPackageReference section */

/* Begin XCSwiftPackageProductDependency section */
		CCA8E76B2C12B4A000C5E6C1 /* Then */ = {
			isa = XCSwiftPackageProductDependency;
			package = CCA8E76A2C12B4A000C5E6C1 /* XCRemoteSwiftPackageReference "Then" */;
			productName = Then;
		};
		CCC40A6D2C109E7400FAD4DF /* Alamofire */ = {
			isa = XCSwiftPackageProductDependency;
			package = CCC40A6C2C109E7400FAD4DF /* XCRemoteSwiftPackageReference "Alamofire" */;
			productName = Alamofire;
		};
		CCFF11182C0F0251000D8E7D /* SnapKit */ = {
			isa = XCSwiftPackageProductDependency;
			package = CCFF11172C0F0251000D8E7D /* XCRemoteSwiftPackageReference "SnapKit" */;
			productName = SnapKit;
		};
/* End XCSwiftPackageProductDependency section */
	};
	rootObject = CC9F54CD2C0F00F900D1A381 /* Project object */;
}
